
Microsoft Visual Studio Solution File, Format Version 12.00
# Visual Studio Version 16
VisualStudioVersion = 16.0.29411.108
MinimumVisualStudioVersion = 10.0.40219.1
Project("{FAE04EC0-301F-11D3-BF4B-00C04F79EFBC}") = "WMate1", "WMate1\WMate1.csproj", "{2846F7DC-0690-4656-89D3-D519FB1AD3E2}"
EndProject
Global
	GlobalSection(SolutionConfigurationPlatforms) = preSolution
		Debug|Any CPU = Debug|Any CPU
		Release|Any CPU = Release|Any CPU
	EndGlobalSection
	GlobalSection(ProjectConfigurationPlatforms) = postSolution
		{2846F7DC-0690-4656-89D3-D519FB1AD3E2}.Debug|Any CPU.ActiveCfg = Debug|Any CPU
		{2846F7DC-0690-4656-89D3-D519FB1AD3E2}.Debug|Any CPU.Build.0 = Debug|Any CPU
		{2846F7DC-0690-4656-89D3-D519FB1AD3E2}.Release|Any CPU.ActiveCfg = Release|Any CPU
		{2846F7DC-0690-4656-89D3-D519FB1AD3E2}.Release|Any CPU.Build.0 = Release|Any CPU
	EndGlobalSection
	GlobalSection(SolutionProperties) = preSolution
		HideSolutionNode = FALSE
	EndGlobalSection
	GlobalSection(ExtensibilityGlobals) = postSolution
		SolutionGuid = {B0E28FFA-5FD8-4D38-BB98-DF2EE549C455}
	EndGlobalSection
EndGlobal
